<?xml version="1.0" encoding="utf-8"?>
<Project ToolsVersion="4.0" xmlns="http://schemas.microsoft.com/developer/msbuild/2003">
  <ItemGroup>
    <Filter Include="Source Files">
      <UniqueIdentifier>{4FC737F1-C7A5-4376-A066-2A32D752A2FF}</UniqueIdentifier>
      <Extensions>cpp;c;cc;cxx;c++;cppm;ixx;def;odl;idl;hpj;bat;asm;asmx</Extensions>
    </Filter>
    <Filter Include="Header Files">
      <UniqueIdentifier>{93995380-89BD-4b04-88EB-625FBE52EBFB}</UniqueIdentifier>
      <Extensions>h;hh;hpp;hxx;h++;hm;inl;inc;ipp;xsd</Extensions>
    </Filter>
    <Filter Include="Resource Files">
      <UniqueIdentifier>{67DA6AB6-F800-4c08-8B7A-83BB121AAD01}</UniqueIdentifier>
      <Extensions>rc;ico;cur;bmp;dlg;rc2;rct;bin;rgs;gif;jpg;jpeg;jpe;resx;tiff;tif;png;wav;mfcribbon-ms</Extensions>
    </Filter>
    <Filter Include="Source Files\MatrixLib">
      <UniqueIdentifier>{574c85c0-89d1-469a-b125-201dfb4d3c95}</UniqueIdentifier>
    </Filter>
    <Filter Include="Header Files\MatrixLib">
      <UniqueIdentifier>{c9ecc207-1e9b-4cc0-b75c-1d59bb686139}</UniqueIdentifier>
    </Filter>
  </ItemGroup>
  <ItemGroup>
    <ClCompile Include="CS136P1.cpp">
      <Filter>Source Files</Filter>
    </ClCompile>
    <ClCompile Include="Matrix.cpp">
      <Filter>Source Files\MatrixLib</Filter>
    </ClCompile>
    <ClCompile Include="FMatrix.cpp">
      <Filter>Source Files\MatrixLib</Filter>
    </ClCompile>
    <ClCompile Include="Factory.cpp">
      <Filter>Source Files\MatrixLib</Filter>
    </ClCompile>
  </ItemGroup>
  <ItemGroup>
    <ClInclude Include="FMatrix.h">
      <Filter>Header Files\MatrixLib</Filter>
    </ClInclude>
    <ClInclude Include="Matrix.h">
      <Filter>Header Files\MatrixLib</Filter>
    </ClInclude>
    <ClInclude Include="Factory.h">
      <Filter>Header Files\MatrixLib</Filter>
    </ClInclude>
  </ItemGroup>
</Project>